// !$*UTF8*$!
{
	archiveVersion = 1;
	classes = {
	};
	objectVersion = 46;
	objects = {

/* Begin PBXBuildFile section */
		E9DD37A91A2F778900E325C4 /* main.m in Sources */ = {isa = PBXBuildFile; fileRef = E9DD37A81A2F778900E325C4 /* main.m */; };
		E9DD37AC1A2F778A00E325C4 /* AppDelegate.m in Sources */ = {isa = PBXBuildFile; fileRef = E9DD37AB1A2F778A00E325C4 /* AppDelegate.m */; };
		E9DD37AF1A2F778A00E325C4 /* ViewController.m in Sources */ = {isa = PBXBuildFile; fileRef = E9DD37AE1A2F778A00E325C4 /* ViewController.m */; };
		E9DD37B21A2F778A00E325C4 /* Main.storyboard in Resources */ = {isa = PBXBuildFile; fileRef = E9DD37B01A2F778A00E325C4 /* Main.storyboard */; };
		E9DD37B41A2F778A00E325C4 /* Images.xcassets in Resources */ = {isa = PBXBuildFile; fileRef = E9DD37B31A2F778A00E325C4 /* Images.xcassets */; };
		E9DD37B71A2F778A00E325C4 /* LaunchScreen.xib in Resources */ = {isa = PBXBuildFile; fileRef = E9DD37B51A2F778A00E325C4 /* LaunchScreen.xib */; };
		E9DD37C31A2F778A00E325C4 /* PrvaTests.m in Sources */ = {isa = PBXBuildFile; fileRef = E9DD37C21A2F778A00E325C4 /* PrvaTests.m */; };
/* End PBXBuildFile section */

/* Begin PBXContainerItemProxy section */
		E9DD37BD1A2F778A00E325C4 /* PBXContainerItemProxy */ = {
			isa = PBXContainerItemProxy;
			containerPortal = E9DD379B1A2F778900E325C4 /* Project object */;
			proxyType = 1;
			remoteGlobalIDString = E9DD37A21A2F778900E325C4;
			remoteInfo = Prva;
		};
/* End PBXContainerItemProxy section */

/* Begin PBXFileReference section */
		E9DD37A31A2F778900E325C4 /* Prva.app */ = {isa = PBXFileReference; explicitFileType = wrapper.application; includeInIndex = 0; path = Prva.app; sourceTree = BUILT_PRODUCTS_DIR; };
		E9DD37A71A2F778900E325C4 /* Info.plist */ = {isa = PBXFileReference; lastKnownFileType = text.plist.xml; path = Info.plist; sourceTree = "<group>"; };
		E9DD37A81A2F778900E325C4 /* main.m */ = {isa = PBXFileReference; lastKnownFileType = sourcecode.c.objc; path = main.m; sourceTree = "<group>"; };
		E9DD37AA1A2F778900E325C4 /* AppDelegate.h */ = {isa = PBXFileReference; lastKnownFileType = sourcecode.c.h; path = AppDelegate.h; sourceTree = "<group>"; };
		E9DD37AB1A2F778A00E325C4 /* AppDelegate.m */ = {isa = PBXFileReference; lastKnownFileType = sourcecode.c.objc; path = AppDelegate.m; sourceTree = "<group>"; };
		E9DD37AD1A2F778A00E325C4 /* ViewController.h */ = {isa = PBXFileReference; lastKnownFileType = sourcecode.c.h; path = ViewController.h; sourceTree = "<group>"; };
		E9DD37AE1A2F778A00E325C4 /* ViewController.m */ = {isa = PBXFileReference; lastKnownFileType = sourcecode.c.objc; path = ViewController.m; sourceTree = "<group>"; };
		E9DD37B11A2F778A00E325C4 /* Base */ = {isa = PBXFileReference; lastKnownFileType = file.storyboard; name = Base; path = Base.lproj/Main.storyboard; sourceTree = "<group>"; };
		E9DD37B31A2F778A00E325C4 /* Images.xcassets */ = {isa = PBXFileReference; lastKnownFileType = folder.assetcatalog; path = Images.xcassets; sourceTree = "<group>"; };
		E9DD37B61A2F778A00E325C4 /* Base */ = {isa = PBXFileReference; lastKnownFileType = file.xib; name = Base; path = Base.lproj/LaunchScreen.xib; sourceTree = "<group>"; };
		E9DD37BC1A2F778A00E325C4 /* PrvaTests.xctest */ = {isa = PBXFileReference; explicitFileType = wrapper.cfbundle; includeInIndex = 0; path = PrvaTests.xctest; sourceTree = BUILT_PRODUCTS_DIR; };
		E9DD37C11A2F778A00E325C4 /* Info.plist */ = {isa = PBXFileReference; lastKnownFileType = text.plist.xml; path = Info.plist; sourceTree = "<group>"; };
		E9DD37C21A2F778A00E325C4 /* PrvaTests.m */ = {isa = PBXFileReference; lastKnownFileType = sourcecode.c.objc; path = PrvaTests.m; sourceTree = "<group>"; };
/* End PBXFileReference section */

/* Begin PBXFrameworksBuildPhase section */
		E9DD37A01A2F778900E325C4 /* Frameworks */ = {
			isa = PBXFrameworksBuildPhase;
			buildActionMask = 2147483647;
			files = (
			);
			runOnlyForDeploymentPostprocessing = 0;
		};
		E9DD37B91A2F778A00E325C4 /* Frameworks */ = {
			isa = PBXFrameworksBuildPhase;
			buildActionMask = 2147483647;
			files = (
			);
			runOnlyForDeploymentPostprocessing = 0;
		};
/* End PBXFrameworksBuildPhase section */

/* Begin PBXGroup section */
		E9DD379A1A2F778900E325C4 = {
			isa = PBXGroup;
			children = (
				E9DD37A51A2F778900E325C4 /* Prva */,
				E9DD37BF1A2F778A00E325C4 /* PrvaTests */,
				E9DD37A41A2F778900E325C4 /* Products */,
			);
			sourceTree = "<group>";
		};
		E9DD37A41A2F778900E325C4 /* Products */ = {
			isa = PBXGroup;
			children = (
				E9DD37A31A2F778900E325C4 /* Prva.app */,
				E9DD37BC1A2F778A00E325C4 /* PrvaTests.xctest */,
			);
			name = Products;
			sourceTree = "<group>";
		};
		E9DD37A51A2F778900E325C4 /* Prva */ = {
			isa = PBXGroup;
			children = (
				E9DD37AA1A2F778900E325C4 /* AppDelegate.h */,
				E9DD37AB1A2F778A00E325C4 /* AppDelegate.m */,
				E9DD37AD1A2F778A00E325C4 /* ViewController.h */,
				E9DD37AE1A2F778A00E325C4 /* ViewController.m */,
				E9DD37B01A2F778A00E325C4 /* Main.storyboard */,
				E9DD37B31A2F778A00E325C4 /* Images.xcassets */,
				E9DD37B51A2F778A00E325C4 /* LaunchScreen.xib */,
				E9DD37A61A2F778900E325C4 /* Supporting Files */,
			);
			path = Prva;
			sourceTree = "<group>";
		};
		E9DD37A61A2F778900E325C4 /* Supporting Files */ = {
			isa = PBXGroup;
			children = (
				E9DD37A71A2F778900E325C4 /* Info.plist */,
				E9DD37A81A2F778900E325C4 /* main.m */,
			);
			name = "Supporting Files";
			sourceTree = "<group>";
		};
		E9DD37BF1A2F778A00E325C4 /* PrvaTests */ = {
			isa = PBXGroup;
			children = (
				E9DD37C21A2F778A00E325C4 /* PrvaTests.m */,
				E9DD37C01A2F778A00E325C4 /* Supporting Files */,
			);
			path = PrvaTests;
			sourceTree = "<group>";
		};
		E9DD37C01A2F778A00E325C4 /* Supporting Files */ = {
			isa = PBXGroup;
			children = (
				E9DD37C11A2F778A00E325C4 /* Info.plist */,
			);
			name = "Supporting Files";
			sourceTree = "<group>";
		};
/* End PBXGroup section */

/* Begin PBXNativeTarget section */
		E9DD37A21A2F778900E325C4 /* Prva */ = {
			isa = PBXNativeTarget;
			buildConfigurationList = E9DD37C61A2F778A00E325C4 /* Build configuration list for PBXNativeTarget "Prva" */;
			buildPhases = (
				E9DD379F1A2F778900E325C4 /* Sources */,
				E9DD37A01A2F778900E325C4 /* Frameworks */,
				E9DD37A11A2F778900E325C4 /* Resources */,
			);
			buildRules = (
			);
			dependencies = (
			);
			name = Prva;
			productName = Prva;
			productReference = E9DD37A31A2F778900E325C4 /* Prva.app */;
			productType = "com.apple.product-type.application";
		};
		E9DD37BB1A2F778A00E325C4 /* PrvaTests */ = {
			isa = PBXNativeTarget;
			buildConfigurationList = E9DD37C91A2F778A00E325C4 /* Build configuration list for PBXNativeTarget "PrvaTests" */;
			buildPhases = (
				E9DD37B81A2F778A00E325C4 /* Sources */,
				E9DD37B91A2F778A00E325C4 /* Frameworks */,
				E9DD37BA1A2F778A00E325C4 /* Resources */,
			);
			buildRules = (
			);
			dependencies = (
				E9DD37BE1A2F778A00E325C4 /* PBXTargetDependency */,
			);
			name = PrvaTests;
			productName = PrvaTests;
			productReference = E9DD37BC1A2F778A00E325C4 /* PrvaTests.xctest */;
			productType = "com.apple.product-type.bundle.unit-test";
		};
/* End PBXNativeTarget section */

/* Begin PBXProject section */
		E9DD379B1A2F778900E325C4 /* Project object */ = {
			isa = PBXProject;
			attributes = {
				LastUpgradeCheck = 0620;
				ORGANIZATIONNAME = Academy387;
				TargetAttributes = {
					E9DD37A21A2F778900E325C4 = {
						CreatedOnToolsVersion = 6.2;
					};
					E9DD37BB1A2F778A00E325C4 = {
						CreatedOnToolsVersion = 6.2;
						TestTargetID = E9DD37A21A2F778900E325C4;
					};
				};
			};
			buildConfigurationList = E9DD379E1A2F778900E325C4 /* Build configuration list for PBXProject "Prva" */;
			compatibilityVersion = "Xcode 3.2";
			developmentRegion = English;
			hasScannedForEncodings = 0;
			knownRegions = (
				en,
				Base,
			);
			mainGroup = E9DD379A1A2F778900E325C4;
			productRefGroup = E9DD37A41A2F778900E325C4 /* Products */;
			projectDirPath = "";
			projectRoot = "";
			targets = (
				E9DD37A21A2F778900E325C4 /* Prva */,
				E9DD37BB1A2F778A00E325C4 /* PrvaTests */,
			);
		};
/* End PBXProject section */

/* Begin PBXResourcesBuildPhase section */
		E9DD37A11A2F778900E325C4 /* Resources */ = {
			isa = PBXResourcesBuildPhase;
			buildActionMask = 2147483647;
			files = (
				E9DD37B21A2F778A00E325C4 /* Main.storyboard in Resources */,
				E9DD37B71A2F778A00E325C4 /* LaunchScreen.xib in Resources */,
				E9DD37B41A2F778A00E325C4 /* Images.xcassets in Resources */,
			);
			runOnlyForDeploymentPostprocessing = 0;
		};
		E9DD37BA1A2F778A00E325C4 /* Resources */ = {
			isa = PBXResourcesBuildPhase;
			buildActionMask = 2147483647;
			files = (
			);
			runOnlyForDeploymentPostprocessing = 0;
		};
/* End PBXResourcesBuildPhase section */

/* Begin PBXSourcesBuildPhase section */
		E9DD379F1A2F778900E325C4 /* Sources */ = {
			isa = PBXSourcesBuildPhase;
			buildActionMask = 2147483647;
			files = (
				E9DD37AF1A2F778A00E325C4 /* ViewController.m in Sources */,
				E9DD37AC1A2F778A00E325C4 /* AppDelegate.m in Sources */,
				E9DD37A91A2F778900E325C4 /* main.m in Sources */,
			);
			runOnlyForDeploymentPostprocessing = 0;
		};
		E9DD37B81A2F778A00E325C4 /* Sources */ = {
			isa = PBXSourcesBuildPhase;
			buildActionMask = 2147483647;
			files = (
				E9DD37C31A2F778A00E325C4 /* PrvaTests.m in Sources */,
			);
			runOnlyForDeploymentPostprocessing = 0;
		};
/* End PBXSourcesBuildPhase section */

/* Begin PBXTargetDependency section */
		E9DD37BE1A2F778A00E325C4 /* PBXTargetDependency */ = {
			isa = PBXTargetDependency;
			target = E9DD37A21A2F778900E325C4 /* Prva */;
			targetProxy = E9DD37BD1A2F778A00E325C4 /* PBXContainerItemProxy */;
		};
/* End PBXTargetDependency section */

/* Begin PBXVariantGroup section */
		E9DD37B01A2F778A00E325C4 /* Main.storyboard */ = {
			isa = PBXVariantGroup;
			children = (
				E9DD37B11A2F778A00E325C4 /* Base */,
			);
			name = Main.storyboard;
			sourceTree = "<group>";
		};
		E9DD37B51A2F778A00E325C4 /* LaunchScreen.xib */ = {
			isa = PBXVariantGroup;
			children = (
				E9DD37B61A2F778A00E325C4 /* Base */,
			);
			name = LaunchScreen.xib;
			sourceTree = "<group>";
		};
/* End PBXVariantGroup section */

/* Begin XCBuildConfiguration section */
		E9DD37C41A2F778A00E325C4 /* Debug */ = {
			isa = XCBuildConfiguration;
			buildSettings = {
				ALWAYS_SEARCH_USER_PATHS = NO;
				CLANG_CXX_LANGUAGE_STANDARD = "gnu++0x";
				CLANG_CXX_LIBRARY = "libc++";
				CLANG_ENABLE_MODULES = YES;
				CLANG_ENABLE_OBJC_ARC = YES;
				CLANG_WARN_BOOL_CONVERSION = YES;
				CLANG_WARN_CONSTANT_CONVERSION = YES;
				CLANG_WARN_DIRECT_OBJC_ISA_USAGE = YES_ERROR;
				CLANG_WARN_EMPTY_BODY = YES;
				CLANG_WARN_ENUM_CONVERSION = YES;
				CLANG_WARN_INT_CONVERSION = YES;
				CLANG_WARN_OBJC_ROOT_CLASS = YES_ERROR;
				CLANG_WARN_UNREACHABLE_CODE = YES;
				CLANG_WARN__DUPLICATE_METHOD_MATCH = YES;
				"CODE_SIGN_IDENTITY[sdk=iphoneos*]" = "iPhone Developer";
				COPY_PHASE_STRIP = NO;
				ENABLE_STRICT_OBJC_MSGSEND = YES;
				GCC_C_LANGUAGE_STANDARD = gnu99;
				GCC_DYNAMIC_NO_PIC = NO;
				GCC_OPTIMIZATION_LEVEL = 0;
				GCC_PREPROCESSOR_DEFINITIONS = (
					"DEBUG=1",
					"$(inherited)",
				);
				GCC_SYMBOLS_PRIVATE_EXTERN = NO;
				GCC_WARN_64_TO_32_BIT_CONVERSION = YES;
				GCC_WARN_ABOUT_RETURN_TYPE = YES_ERROR;
				GCC_WARN_UNDECLARED_SELECTOR = YES;
				GCC_WARN_UNINITIALIZED_AUTOS = YES_AGGRESSIVE;
				GCC_WARN_UNUSED_FUNCTION = YES;
				GCC_WARN_UNUSED_VARIABLE = YES;
				IPHONEOS_DEPLOYMENT_TARGET = 8.2;
				MTL_ENABLE_DEBUG_INFO = YES;
				ONLY_ACTIVE_ARCH = YES;
				SDKROOT = iphoneos;
			};
			name = Debug;
		};
		E9DD37C51A2F778A00E325C4 /* Release */ = {
			isa = XCBuildConfiguration;
			buildSettings = {
				ALWAYS_SEARCH_USER_PATHS = NO;
				CLANG_CXX_LANGUAGE_STANDARD = "gnu++0x";
				CLANG_CXX_LIBRARY = "libc++";
				CLANG_ENABLE_MODULES = YES;
				CLANG_ENABLE_OBJC_ARC = YES;
				CLANG_WARN_BOOL_CONVERSION = YES;
				CLANG_WARN_CONSTANT_CONVERSION = YES;
				CLANG_WARN_DIRECT_OBJC_ISA_USAGE = YES_ERROR;
				CLANG_WARN_EMPTY_BODY = YES;
				CLANG_WARN_ENUM_CONVERSION = YES;
				CLANG_WARN_INT_CONVERSION = YES;
				CLANG_WARN_OBJC_ROOT_CLASS = YES_ERROR;
				CLANG_WARN_UNREACHABLE_CODE = YES;
				CLANG_WARN__DUPLICATE_METHOD_MATCH = YES;
				"CODE_SIGN_IDENTITY[sdk=iphoneos*]" = "iPhone Developer";
				COPY_PHASE_STRIP = YES;
				ENABLE_NS_ASSERTIONS = NO;
				ENABLE_STRICT_OBJC_MSGSEND = YES;
				GCC_C_LANGUAGE_STANDARD = gnu99;
				GCC_WARN_64_TO_32_BIT_CONVERSION = YES;
				GCC_WARN_ABOUT_RETURN_TYPE = YES_ERROR;
				GCC_WARN_UNDECLARED_SELECTOR = YES;
				GCC_WARN_UNINITIALIZED_AUTOS = YES_AGGRESSIVE;
				GCC_WARN_UNUSED_FUNCTION = YES;
				GCC_WARN_UNUSED_VARIABLE = YES;
				IPHONEOS_DEPLOYMENT_TARGET = 8.2;
				MTL_ENABLE_DEBUG_INFO = NO;
				SDKROOT = iphoneos;
				VALIDATE_PRODUCT = YES;
			};
			name = Release;
		};
		E9DD37C71A2F778A00E325C4 /* Debug */ = {
			isa = XCBuildConfiguration;
			buildSettings = {
				ASSETCATALOG_COMPILER_APPICON_NAME = AppIcon;
				INFOPLIST_FILE = Prva/Info.plist;
				LD_RUNPATH_SEARCH_PATHS = "$(inherited) @executable_path/Frameworks";
				PRODUCT_NAME = "$(TARGET_NAME)";
			};
			name = Debug;
		};
		E9DD37C81A2F778A00E325C4 /* Release */ = {
			isa = XCBuildConfiguration;
			buildSettings = {
				ASSETCATALOG_COMPILER_APPICON_NAME = AppIcon;
				INFOPLIST_FILE = Prva/Info.plist;
				LD_RUNPATH_SEARCH_PATHS = "$(inherited) @executable_path/Frameworks";
				PRODUCT_NAME = "$(TARGET_NAME)";
			};
			name = Release;
		};
		E9DD37CA1A2F778A00E325C4 /* Debug */ = {
			isa = XCBuildConfiguration;
			buildSettings = {
				BUNDLE_LOADER = "$(TEST_HOST)";
				FRAMEWORK_SEARCH_PATHS = (
					"$(SDKROOT)/Developer/Library/Frameworks",
					"$(inherited)",
				);
				GCC_PREPROCESSOR_DEFINITIONS = (
					"DEBUG=1",
					"$(inherited)",
				);
				INFOPLIST_FILE = PrvaTests/Info.plist;
				LD_RUNPATH_SEARCH_PATHS = "$(inherited) @executable_path/Frameworks @loader_path/Frameworks";
				PRODUCT_NAME = "$(TARGET_NAME)";
				TEST_HOST = "$(BUILT_PRODUCTS_DIR)/Prva.app/Prva";
			};
			name = Debug;
		};
		E9DD37CB1A2F778A00E325C4 /* Release */ = {
			isa = XCBuildConfiguration;
			buildSettings = {
				BUNDLE_LOADER = "$(TEST_HOST)";
				FRAMEWORK_SEARCH_PATHS = (
					"$(SDKROOT)/Developer/Library/Frameworks",
					"$(inherited)",
				);
				INFOPLIST_FILE = PrvaTests/Info.plist;
				LD_RUNPATH_SEARCH_PATHS = "$(inherited) @executable_path/Frameworks @loader_path/Frameworks";
				PRODUCT_NAME = "$(TARGET_NAME)";
				TEST_HOST = "$(BUILT_PRODUCTS_DIR)/Prva.app/Prva";
			};
			name = Release;
		};
/* End XCBuildConfiguration section */

/* Begin XCConfigurationList section */
		E9DD379E1A2F778900E325C4 /* Build configuration list for PBXProject "Prva" */ = {
			isa = XCConfigurationList;
			buildConfigurations = (
				E9DD37C41A2F778A00E325C4 /* Debug */,
				E9DD37C51A2F778A00E325C4 /* Release */,
			);
			defaultConfigurationIsVisible = 0;
			defaultConfigurationName = Release;
		};
		E9DD37C61A2F778A00E325C4 /* Build configuration list for PBXNativeTarget "Prva" */ = {
			isa = XCConfigurationList;
			buildConfigurations = (
				E9DD37C71A2F778A00E325C4 /* Debug */,
				E9DD37C81A2F778A00E325C4 /* Release */,
			);
			defaultConfigurationIsVisible = 0;
		};
		E9DD37C91A2F778A00E325C4 /* Build configuration list for PBXNativeTarget "PrvaTests" */ = {
			isa = XCConfigurationList;
			buildConfigurations = (
				E9DD37CA1A2F778A00E325C4 /* Debug */,
				E9DD37CB1A2F778A00E325C4 /* Release */,
			);
			defaultConfigurationIsVisible = 0;
		};
/* End XCConfigurationList section */
	};
	rootObject = E9DD379B1A2F778900E325C4 /* Project object */;
}
